
Microsoft Visual Studio Solution File, Format Version 11.00
# Visual Studio 2010
Project("{FAE04EC0-301F-11D3-BF4B-00C04F79EFBC}") = "tile'r", "tile'r\tile'r\tile'r.csproj", "{5011EC06-1DA2-4AFA-AEDC-C06EE255C818}"
EndProject
Project("{96E2B04D-8817-42C6-938A-82C39BA4D311}") = "tile'rContent", "tile'r\tile'rContent\tile'rContent.contentproj", "{49AB207C-8BAB-45FC-90E4-E6E798757C7C}"
EndProject
Global
	GlobalSection(SolutionConfigurationPlatforms) = preSolution
		Debug|x86 = Debug|x86
		Release|x86 = Release|x86
	EndGlobalSection
	GlobalSection(ProjectConfigurationPlatforms) = postSolution
		{5011EC06-1DA2-4AFA-AEDC-C06EE255C818}.Debug|x86.ActiveCfg = Debug|x86
		{5011EC06-1DA2-4AFA-AEDC-C06EE255C818}.Debug|x86.Build.0 = Debug|x86
		{5011EC06-1DA2-4AFA-AEDC-C06EE255C818}.Release|x86.ActiveCfg = Release|x86
		{5011EC06-1DA2-4AFA-AEDC-C06EE255C818}.Release|x86.Build.0 = Release|x86
		{49AB207C-8BAB-45FC-90E4-E6E798757C7C}.Debug|x86.ActiveCfg = Debug|x86
		{49AB207C-8BAB-45FC-90E4-E6E798757C7C}.Release|x86.ActiveCfg = Release|x86
	EndGlobalSection
	GlobalSection(SolutionProperties) = preSolution
		HideSolutionNode = FALSE
	EndGlobalSection
EndGlobal
